
Microsoft Visual Studio Solution File, Format Version 12.00
# Visual Studio 15
VisualStudioVersion = 15.0.27130.2036
MinimumVisualStudioVersion = 10.0.40219.1
Project("{FAE04EC0-301F-11D3-BF4B-00C04F79EFBC}") = "ShopShoes", "ShopShoes\ShopShoes.csproj", "{0B29AEF4-0459-4E1B-A587-D16FE45A92F0}"
EndProject
Global
	GlobalSection(SolutionConfigurationPlatforms) = preSolution
		Debug|Any CPU = Debug|Any CPU
		Release|Any CPU = Release|Any CPU
	EndGlobalSection
	GlobalSection(ProjectConfigurationPlatforms) = postSolution
		{0B29AEF4-0459-4E1B-A587-D16FE45A92F0}.Debug|Any CPU.ActiveCfg = Debug|Any CPU
		{0B29AEF4-0459-4E1B-A587-D16FE45A92F0}.Debug|Any CPU.Build.0 = Debug|Any CPU
		{0B29AEF4-0459-4E1B-A587-D16FE45A92F0}.Release|Any CPU.ActiveCfg = Release|Any CPU
		{0B29AEF4-0459-4E1B-A587-D16FE45A92F0}.Release|Any CPU.Build.0 = Release|Any CPU
	EndGlobalSection
	GlobalSection(SolutionProperties) = preSolution
		HideSolutionNode = FALSE
	EndGlobalSection
	GlobalSection(ExtensibilityGlobals) = postSolution
		SolutionGuid = {3B6DA39C-1027-4988-8788-6EF2862AA3AA}
	EndGlobalSection
EndGlobal
