
Microsoft Visual Studio Solution File, Format Version 12.00
# Visual Studio 15
VisualStudioVersion = 15.0.27130.2036
MinimumVisualStudioVersion = 10.0.40219.1
Project("{FAE04EC0-301F-11D3-BF4B-00C04F79EFBC}") = "TextParse.Core", "TextParse.Core\TextParse.Core.csproj", "{2846CFA9-40E3-4295-8A70-9B73BC65153A}"
EndProject
Project("{FAE04EC0-301F-11D3-BF4B-00C04F79EFBC}") = "TextParse.Model", "TextParse.Model\TextParse.Model.csproj", "{8BE83DB4-6E1B-491B-9DFC-E01879DB7BCF}"
EndProject
Project("{FAE04EC0-301F-11D3-BF4B-00C04F79EFBC}") = "TextParser.SandBox", "TextParser.SandBox\TextParser.SandBox.csproj", "{AF4A034E-87A3-4F8F-9BAE-EEBE05A419E9}"
EndProject
Project("{FAE04EC0-301F-11D3-BF4B-00C04F79EFBC}") = "TextParser.Parser", "TextParser.Parser\TextParser.Parser.csproj", "{643CB925-8791-4D4A-B167-E59A5D19E6E2}"
EndProject
Project("{FAE04EC0-301F-11D3-BF4B-00C04F79EFBC}") = "TextParser.Concordance", "TextParser.Corcondance\TextParser.Concordance.csproj", "{94C989E1-879F-44B7-9E2C-A80E9EB865DE}"
EndProject
Global
	GlobalSection(SolutionConfigurationPlatforms) = preSolution
		Debug|Any CPU = Debug|Any CPU
		Release|Any CPU = Release|Any CPU
	EndGlobalSection
	GlobalSection(ProjectConfigurationPlatforms) = postSolution
		{2846CFA9-40E3-4295-8A70-9B73BC65153A}.Debug|Any CPU.ActiveCfg = Debug|Any CPU
		{2846CFA9-40E3-4295-8A70-9B73BC65153A}.Debug|Any CPU.Build.0 = Debug|Any CPU
		{2846CFA9-40E3-4295-8A70-9B73BC65153A}.Release|Any CPU.ActiveCfg = Release|Any CPU
		{2846CFA9-40E3-4295-8A70-9B73BC65153A}.Release|Any CPU.Build.0 = Release|Any CPU
		{8BE83DB4-6E1B-491B-9DFC-E01879DB7BCF}.Debug|Any CPU.ActiveCfg = Debug|Any CPU
		{8BE83DB4-6E1B-491B-9DFC-E01879DB7BCF}.Debug|Any CPU.Build.0 = Debug|Any CPU
		{8BE83DB4-6E1B-491B-9DFC-E01879DB7BCF}.Release|Any CPU.ActiveCfg = Release|Any CPU
		{8BE83DB4-6E1B-491B-9DFC-E01879DB7BCF}.Release|Any CPU.Build.0 = Release|Any CPU
		{AF4A034E-87A3-4F8F-9BAE-EEBE05A419E9}.Debug|Any CPU.ActiveCfg = Debug|Any CPU
		{AF4A034E-87A3-4F8F-9BAE-EEBE05A419E9}.Debug|Any CPU.Build.0 = Debug|Any CPU
		{AF4A034E-87A3-4F8F-9BAE-EEBE05A419E9}.Release|Any CPU.ActiveCfg = Release|Any CPU
		{AF4A034E-87A3-4F8F-9BAE-EEBE05A419E9}.Release|Any CPU.Build.0 = Release|Any CPU
		{643CB925-8791-4D4A-B167-E59A5D19E6E2}.Debug|Any CPU.ActiveCfg = Debug|Any CPU
		{643CB925-8791-4D4A-B167-E59A5D19E6E2}.Debug|Any CPU.Build.0 = Debug|Any CPU
		{643CB925-8791-4D4A-B167-E59A5D19E6E2}.Release|Any CPU.ActiveCfg = Release|Any CPU
		{643CB925-8791-4D4A-B167-E59A5D19E6E2}.Release|Any CPU.Build.0 = Release|Any CPU
		{94C989E1-879F-44B7-9E2C-A80E9EB865DE}.Debug|Any CPU.ActiveCfg = Debug|Any CPU
		{94C989E1-879F-44B7-9E2C-A80E9EB865DE}.Debug|Any CPU.Build.0 = Debug|Any CPU
		{94C989E1-879F-44B7-9E2C-A80E9EB865DE}.Release|Any CPU.ActiveCfg = Release|Any CPU
		{94C989E1-879F-44B7-9E2C-A80E9EB865DE}.Release|Any CPU.Build.0 = Release|Any CPU
	EndGlobalSection
	GlobalSection(SolutionProperties) = preSolution
		HideSolutionNode = FALSE
	EndGlobalSection
	GlobalSection(ExtensibilityGlobals) = postSolution
		SolutionGuid = {A2912E95-D089-4CB6-8976-DC472BCB6830}
	EndGlobalSection
EndGlobal
